
Microsoft Visual Studio Solution File, Format Version 12.00
# Visual Studio Version 17
VisualStudioVersion = 17.7.34018.315
MinimumVisualStudioVersion = 10.0.40219.1
Project("{FAE04EC0-301F-11D3-BF4B-00C04F79EFBC}") = "2001207369_HuynhGiaThuan_CLient", "2001207369_HuynhGiaThuan_CLient\2001207369_HuynhGiaThuan_CLient.csproj", "{922581F6-34F1-43D8-A296-73BBA20973F2}"
EndProject
Global
	GlobalSection(SolutionConfigurationPlatforms) = preSolution
		Debug|Any CPU = Debug|Any CPU
		Release|Any CPU = Release|Any CPU
	EndGlobalSection
	GlobalSection(ProjectConfigurationPlatforms) = postSolution
		{922581F6-34F1-43D8-A296-73BBA20973F2}.Debug|Any CPU.ActiveCfg = Debug|Any CPU
		{922581F6-34F1-43D8-A296-73BBA20973F2}.Debug|Any CPU.Build.0 = Debug|Any CPU
		{922581F6-34F1-43D8-A296-73BBA20973F2}.Release|Any CPU.ActiveCfg = Release|Any CPU
		{922581F6-34F1-43D8-A296-73BBA20973F2}.Release|Any CPU.Build.0 = Release|Any CPU
	EndGlobalSection
	GlobalSection(SolutionProperties) = preSolution
		HideSolutionNode = FALSE
	EndGlobalSection
	GlobalSection(ExtensibilityGlobals) = postSolution
		SolutionGuid = {99D71EED-B029-4057-8D40-10DA88E9CB04}
	EndGlobalSection
EndGlobal
